lockVersion: 2.0.0
id: 08ab8717-d646-4f6d-9ae0-e5ddf9d11d85
management:
  docChecksum: 044ba6ea348a6fb8206cacad6926373d
  docVersion: "1.7"
  speakeasyVersion: 1.213.0
  generationVersion: 2.283.1
  releaseVersion: 0.25.2
  configChecksum: 42dc83ba78d379d552f36c53e6ed89a9
  repoURL: https://github.com/writerai/writer-client-sdk-go.git
  repoSubDirectory: .
  installationURL: https://github.com/writerai/writer-client-sdk-go
  published: true
features:
  go:
    core: 3.4.4
    downloadStreams: 0.1.1
    errors: 2.81.8
    flattening: 2.81.1
    globalSecurity: 2.82.9
    globalServerURLs: 2.82.2
    globals: 2.81.1
    nameOverrides: 2.81.1
    responseFormat: 0.1.0
generatedFiles:
  - billing.go
  - aicontentdetector.go
  - content.go
  - cowrite.go
  - files.go
  - models.go
  - completions.go
  - modelcustomization.go
  - downloadthecustomizedmodel.go
  - document.go
  - snippet.go
  - styleguide.go
  - terminology.go
  - user.go
  - writer.go
  - go.mod
  - pkg/models/sdkerrors/sdkerror.go
  - pkg/types/bigint.go
  - pkg/types/date.go
  - pkg/types/datetime.go
  - pkg/types/decimal.go
  - pkg/types/pointers.go
  - pkg/utils/contenttype.go
  - pkg/utils/form.go
  - pkg/utils/headers.go
  - pkg/utils/json.go
  - pkg/utils/pathparams.go
  - pkg/utils/queryparams.go
  - pkg/utils/requestbody.go
  - pkg/utils/retries.go
  - pkg/utils/security.go
  - pkg/utils/utils.go
  - /pkg/models/operations/getsubscriptiondetails.go
  - /pkg/models/operations/detectcontent.go
  - /pkg/models/operations/contentcheck.go
  - /pkg/models/operations/contentcorrect.go
  - /pkg/models/operations/generatecontent.go
  - /pkg/models/operations/listtemplates.go
  - /pkg/models/operations/deletefile.go
  - /pkg/models/operations/getfile.go
  - /pkg/models/operations/listfiles.go
  - /pkg/models/operations/uploadfile.go
  - /pkg/models/operations/listmodels.go
  - /pkg/models/operations/createcompletion.go
  - /pkg/models/operations/createmodelcustomizationcompletion.go
  - /pkg/models/operations/createmodelcustomization.go
  - /pkg/models/operations/deletemodelcustomization.go
  - /pkg/models/operations/getmodelcustomization.go
  - /pkg/models/operations/listmodelcustomizations.go
  - /pkg/models/operations/fetchcustomizedmodelfile.go
  - /pkg/models/operations/getdocumentdetails.go
  - /pkg/models/operations/listteamdocuments.go
  - /pkg/models/operations/deletesnippets.go
  - /pkg/models/operations/findsnippets.go
  - /pkg/models/operations/updatesnippets.go
  - /pkg/models/operations/pagedetails.go
  - /pkg/models/operations/listpages.go
  - /pkg/models/operations/addterms.go
  - /pkg/models/operations/deleteterms.go
  - /pkg/models/operations/findterms.go
  - /pkg/models/operations/updateterms.go
  - /pkg/models/operations/listusers.go
  - /pkg/models/shared/subscriptionpublicresponseapi.go
  - /pkg/models/shared/usage.go
  - /pkg/models/shared/usageitem.go
  - /pkg/models/shared/metadata.go
  - /pkg/models/shared/failmessage.go
  - /pkg/models/shared/contentdetectorresponse.go
  - /pkg/models/shared/contentdetectorrequest.go
  - /pkg/models/shared/processedcontent.go
  - /pkg/models/shared/contentissue.go
  - /pkg/models/shared/contentrequest.go
  - /pkg/models/shared/contentsettings.go
  - /pkg/models/shared/correctionresponse.go
  - /pkg/models/shared/draft.go
  - /pkg/models/shared/generatetemplaterequest.go
  - /pkg/models/shared/magicrequestinput.go
  - /pkg/models/shared/templatedetailsresponse.go
  - /pkg/models/shared/input.go
  - /pkg/models/shared/modelfile.go
  - /pkg/models/shared/modelfilesresponse.go
  - /pkg/models/shared/uploadmodelfilerequest.go
  - /pkg/models/shared/generationmodelsresponse.go
  - /pkg/models/shared/generationmodelinforesponse.go
  - /pkg/models/shared/completionresponse.go
  - /pkg/models/shared/completiongenerationchoice.go
  - /pkg/models/shared/completiongenerationchoicelogprobs.go
  - /pkg/models/shared/completionrequest.go
  - /pkg/models/shared/modelcustomization.go
  - /pkg/models/shared/hyperparameters.go
  - /pkg/models/shared/createcustomizationrequest.go
  - /pkg/models/shared/customizationsresponse.go
  - /pkg/models/shared/document.go
  - /pkg/models/shared/simpleuser.go
  - /pkg/models/shared/briefdocuments.go
  - /pkg/models/shared/briefdocument.go
  - /pkg/models/shared/pagination.go
  - /pkg/models/shared/deleteresponse.go
  - /pkg/models/shared/paginatedresultsnippetwithuser.go
  - /pkg/models/shared/snippetwithuser.go
  - /pkg/models/shared/snippettagv2.go
  - /pkg/models/shared/terminologyuser.go
  - /pkg/models/shared/snippetupdate.go
  - /pkg/models/shared/pagewithsectionresponse.go
  - /pkg/models/shared/sectioninfo.go
  - /pkg/models/shared/paginatedresultpagepublicapiresponse.go
  - /pkg/models/shared/pagepublicapiresponse.go
  - /pkg/models/shared/createtermsresponse.go
  - /pkg/models/shared/fulltermwithuser.go
  - /pkg/models/shared/termtagresponse.go
  - /pkg/models/shared/termmistake.go
  - /pkg/models/shared/fulllinkedterm.go
  - /pkg/models/shared/approvedtermextension.go
  - /pkg/models/shared/termexample.go
  - /pkg/models/shared/createtermsrequest.go
  - /pkg/models/shared/termcreate.go
  - /pkg/models/shared/termtagcreate.go
  - /pkg/models/shared/termmistakecreate.go
  - /pkg/models/shared/linkedtermcreate.go
  - /pkg/models/shared/termexamplecreate.go
  - /pkg/models/shared/approvedtermextensioncreate.go
  - /pkg/models/shared/paginatedresultfulltermwithuser.go
  - /pkg/models/shared/updatetermsrequest.go
  - /pkg/models/shared/termupdate.go
  - /pkg/models/shared/paginatedresultuserpublicresponse.go
  - /pkg/models/shared/userpublicresponse.go
  - /pkg/models/shared/security.go
  - /pkg/models/sdkerrors/failresponse.go
  - docs/pkg/models/operations/getsubscriptiondetailsresponse.md
  - docs/pkg/models/operations/detectcontentrequest.md
  - docs/pkg/models/operations/detectcontentresponse.md
  - docs/pkg/models/operations/contentcheckrequest.md
  - docs/pkg/models/operations/contentcheckresponse.md
  - docs/pkg/models/operations/contentcorrectrequest.md
  - docs/pkg/models/operations/contentcorrectresponse.md
  - docs/pkg/models/operations/generatecontentrequest.md
  - docs/pkg/models/operations/generatecontentresponse.md
  - docs/pkg/models/operations/listtemplatesrequest.md
  - docs/pkg/models/operations/listtemplatesresponse.md
  - docs/pkg/models/operations/deletefilerequest.md
  - docs/pkg/models/operations/deletefileresponsebody.md
  - docs/pkg/models/operations/deletefileresponse.md
  - docs/pkg/models/operations/getfilerequest.md
  - docs/pkg/models/operations/getfileresponse.md
  - docs/pkg/models/operations/listfilesrequest.md
  - docs/pkg/models/operations/listfilesresponse.md
  - docs/pkg/models/operations/uploadfilerequest.md
  - docs/pkg/models/operations/uploadfileresponse.md
  - docs/pkg/models/operations/listmodelsrequest.md
  - docs/pkg/models/operations/listmodelsresponse.md
  - docs/pkg/models/operations/createcompletionrequest.md
  - docs/pkg/models/operations/createcompletionresponse.md
  - docs/pkg/models/operations/createmodelcustomizationcompletionrequest.md
  - docs/pkg/models/operations/createmodelcustomizationcompletionresponse.md
  - docs/pkg/models/operations/createmodelcustomizationrequest.md
  - docs/pkg/models/operations/createmodelcustomizationresponse.md
  - docs/pkg/models/operations/deletemodelcustomizationrequest.md
  - docs/pkg/models/operations/deletemodelcustomizationresponsebody.md
  - docs/pkg/models/operations/deletemodelcustomizationresponse.md
  - docs/pkg/models/operations/getmodelcustomizationrequest.md
  - docs/pkg/models/operations/getmodelcustomizationresponse.md
  - docs/pkg/models/operations/listmodelcustomizationsrequest.md
  - docs/pkg/models/operations/listmodelcustomizationsresponse.md
  - docs/pkg/models/operations/fetchcustomizedmodelfilerequest.md
  - docs/pkg/models/operations/fetchcustomizedmodelfileresponse.md
  - docs/pkg/models/operations/getdocumentdetailsrequest.md
  - docs/pkg/models/operations/getdocumentdetailsresponse.md
  - docs/pkg/models/operations/listteamdocumentsqueryparamsortfield.md
  - docs/pkg/models/operations/listteamdocumentsqueryparamsortorder.md
  - docs/pkg/models/operations/listteamdocumentsrequest.md
  - docs/pkg/models/operations/listteamdocumentsresponse.md
  - docs/pkg/models/operations/deletesnippetsrequest.md
  - docs/pkg/models/operations/deletesnippetsresponse.md
  - docs/pkg/models/operations/sortfield.md
  - docs/pkg/models/operations/sortorder.md
  - docs/pkg/models/operations/findsnippetsrequest.md
  - docs/pkg/models/operations/findsnippetsresponse.md
  - docs/pkg/models/operations/updatesnippetsrequest.md
  - docs/pkg/models/operations/updatesnippetsresponse.md
  - docs/pkg/models/operations/pagedetailsrequest.md
  - docs/pkg/models/operations/pagedetailsresponse.md
  - docs/pkg/models/operations/status.md
  - docs/pkg/models/operations/listpagesrequest.md
  - docs/pkg/models/operations/listpagesresponse.md
  - docs/pkg/models/operations/addtermsrequest.md
  - docs/pkg/models/operations/addtermsresponse.md
  - docs/pkg/models/operations/deletetermsrequest.md
  - docs/pkg/models/operations/deletetermsresponse.md
  - docs/pkg/models/operations/partofspeech.md
  - docs/pkg/models/operations/queryparamsortfield.md
  - docs/pkg/models/operations/queryparamsortorder.md
  - docs/pkg/models/operations/type.md
  - docs/pkg/models/operations/findtermsrequest.md
  - docs/pkg/models/operations/findtermsresponse.md
  - docs/pkg/models/operations/updatetermsrequest.md
  - docs/pkg/models/operations/updatetermsresponse.md
  - docs/pkg/models/operations/listusersqueryparamsortfield.md
  - docs/pkg/models/operations/listusersqueryparamsortorder.md
  - docs/pkg/models/operations/listusersrequest.md
  - docs/pkg/models/operations/listusersresponse.md
  - docs/pkg/models/shared/productname.md
  - docs/pkg/models/shared/subscriptionpublicresponseapistatus.md
  - docs/pkg/models/shared/subscriptionpublicresponseapi.md
  - docs/pkg/models/shared/usage.md
  - docs/pkg/models/shared/usageitem.md
  - docs/pkg/models/shared/tier.md
  - docs/pkg/models/shared/metadata.md
  - docs/pkg/models/shared/failmessage.md
  - docs/pkg/models/shared/label.md
  - docs/pkg/models/shared/contentdetectorresponse.md
  - docs/pkg/models/shared/contentdetectorrequest.md
  - docs/pkg/models/shared/processedcontent.md
  - docs/pkg/models/shared/service.md
  - docs/pkg/models/shared/contentissue.md
  - docs/pkg/models/shared/contentrequest.md
  - docs/pkg/models/shared/contentsettings.md
  - docs/pkg/models/shared/correctionresponse.md
  - docs/pkg/models/shared/draft.md
  - docs/pkg/models/shared/generatetemplaterequest.md
  - docs/pkg/models/shared/magicrequestinput.md
  - docs/pkg/models/shared/templatedetailsresponse.md
  - docs/pkg/models/shared/inputtype.md
  - docs/pkg/models/shared/input.md
  - docs/pkg/models/shared/modelfile.md
  - docs/pkg/models/shared/modelfilesresponse.md
  - docs/pkg/models/shared/file.md
  - docs/pkg/models/shared/uploadmodelfilerequest.md
  - docs/pkg/models/shared/generationmodelsresponse.md
  - docs/pkg/models/shared/generationmodelinforesponsetype.md
  - docs/pkg/models/shared/generationmodelinforesponse.md
  - docs/pkg/models/shared/completionresponse.md
  - docs/pkg/models/shared/completiongenerationchoice.md
  - docs/pkg/models/shared/completiongenerationchoicelogprobs.md
  - docs/pkg/models/shared/completionrequest.md
  - docs/pkg/models/shared/modelcustomization.md
  - docs/pkg/models/shared/hyperparameters.md
  - docs/pkg/models/shared/createcustomizationrequest.md
  - docs/pkg/models/shared/customizationsresponse.md
  - docs/pkg/models/shared/documentaccess.md
  - docs/pkg/models/shared/document.md
  - docs/pkg/models/shared/simpleuser.md
  - docs/pkg/models/shared/briefdocuments.md
  - docs/pkg/models/shared/access.md
  - docs/pkg/models/shared/briefdocument.md
  - docs/pkg/models/shared/pagination.md
  - docs/pkg/models/shared/deleteresponse.md
  - docs/pkg/models/shared/paginatedresultsnippetwithuser.md
  - docs/pkg/models/shared/snippetwithuser.md
  - docs/pkg/models/shared/snippettagv2.md
  - docs/pkg/models/shared/terminologyuser.md
  - docs/pkg/models/shared/snippetupdate.md
  - docs/pkg/models/shared/pagewithsectionresponsestatus.md
  - docs/pkg/models/shared/pagewithsectionresponse.md
  - docs/pkg/models/shared/sectioninfo.md
  - docs/pkg/models/shared/paginatedresultpagepublicapiresponse.md
  - docs/pkg/models/shared/status.md
  - docs/pkg/models/shared/pagepublicapiresponse.md
  - docs/pkg/models/shared/createtermsresponse.md
  - docs/pkg/models/shared/fulltermwithuserpos.md
  - docs/pkg/models/shared/type.md
  - docs/pkg/models/shared/fulltermwithuser.md
  - docs/pkg/models/shared/termtagresponse.md
  - docs/pkg/models/shared/termmistakepos.md
  - docs/pkg/models/shared/termmistake.md
  - docs/pkg/models/shared/pos.md
  - docs/pkg/models/shared/fulllinkedterm.md
  - docs/pkg/models/shared/approvedtermextension.md
  - docs/pkg/models/shared/termexampletype.md
  - docs/pkg/models/shared/termexample.md
  - docs/pkg/models/shared/failhandling.md
  - docs/pkg/models/shared/createtermsrequest.md
  - docs/pkg/models/shared/termcreatepos.md
  - docs/pkg/models/shared/termcreatetype.md
  - docs/pkg/models/shared/termcreate.md
  - docs/pkg/models/shared/termtagcreate.md
  - docs/pkg/models/shared/termmistakecreatepos.md
  - docs/pkg/models/shared/termmistakecreate.md
  - docs/pkg/models/shared/linkedtermcreate.md
  - docs/pkg/models/shared/termexamplecreatetype.md
  - docs/pkg/models/shared/termexamplecreate.md
  - docs/pkg/models/shared/approvedtermextensioncreate.md
  - docs/pkg/models/shared/paginatedresultfulltermwithuser.md
  - docs/pkg/models/shared/updatetermsrequestfailhandling.md
  - docs/pkg/models/shared/updatetermsrequest.md
  - docs/pkg/models/shared/termupdatepos.md
  - docs/pkg/models/shared/termupdatetype.md
  - docs/pkg/models/shared/termupdate.md
  - docs/pkg/models/shared/paginatedresultuserpublicresponse.md
  - docs/pkg/models/shared/accountstatus.md
  - docs/pkg/models/shared/userpublicresponse.md
  - docs/pkg/models/shared/security.md
  - docs/pkg/models/sdkerrors/failresponse.md
  - docs/sdks/writer/README.md
  - docs/sdks/billing/README.md
  - docs/sdks/aicontentdetector/README.md
  - docs/sdks/content/README.md
  - docs/sdks/cowrite/README.md
  - docs/sdks/files/README.md
  - docs/sdks/models/README.md
  - docs/sdks/completions/README.md
  - docs/sdks/modelcustomization/README.md
  - docs/sdks/downloadthecustomizedmodel/README.md
  - docs/sdks/document/README.md
  - docs/sdks/snippet/README.md
  - docs/sdks/styleguide/README.md
  - docs/sdks/terminology/README.md
  - docs/sdks/user/README.md
  - USAGE.md
  - pkg/models/operations/options.go
  - .gitattributes
  - internal/hooks/hooks.go
